Microsoft Visual Studio Solution File, Format Version 11.00
# Visual Studio 2008

Project("{E5B118EE-BB10-5326-7C59-8D1DA625E92C}") = "UnityDataEHora", "Assembly-CSharp.csproj", "{B6621127-6843-127D-9FC0-69DAFCFB1304}"
EndProject
Project("{E5B118EE-BB10-5326-7C59-8D1DA625E92C}") = "UnityDataEHora", "Assembly-UnityScript.unityproj", "{99E89714-7159-4FD0-69A0-93948A204AD3}"
EndProject
Global
	GlobalSection(SolutionConfigurationPlatforms) = preSolution
		Debug|Any CPU = Debug|Any CPU
		Release|Any CPU = Release|Any CPU
	EndGlobalSection
	GlobalSection(ProjectConfigurationPlatforms) = postSolution
		{B6621127-6843-127D-9FC0-69DAFCFB1304}.Debug|Any CPU.ActiveCfg = Debug|Any CPU
		{B6621127-6843-127D-9FC0-69DAFCFB1304}.Debug|Any CPU.Build.0 = Debug|Any CPU
		{B6621127-6843-127D-9FC0-69DAFCFB1304}.Release|Any CPU.ActiveCfg = Release|Any CPU
		{B6621127-6843-127D-9FC0-69DAFCFB1304}.Release|Any CPU.Build.0 = Release|Any CPU
		{99E89714-7159-4FD0-69A0-93948A204AD3}.Debug|Any CPU.ActiveCfg = Debug|Any CPU
		{99E89714-7159-4FD0-69A0-93948A204AD3}.Debug|Any CPU.Build.0 = Debug|Any CPU
		{99E89714-7159-4FD0-69A0-93948A204AD3}.Release|Any CPU.ActiveCfg = Release|Any CPU
		{99E89714-7159-4FD0-69A0-93948A204AD3}.Release|Any CPU.Build.0 = Release|Any CPU
	EndGlobalSection
	GlobalSection(SolutionProperties) = preSolution
		HideSolutionNode = FALSE
	EndGlobalSection
	GlobalSection(MonoDevelopProperties) = preSolution
		StartupItem = Assembly-CSharp.csproj
	EndGlobalSection
EndGlobal
